
Microsoft Visual Studio Solution File, Format Version 12.00
# Visual Studio 14
VisualStudioVersion = 14.0.23107.0
MinimumVisualStudioVersion = 10.0.40219.1
Project("{FAE04EC0-301F-11D3-BF4B-00C04F79EFBC}") = "LD34", "LD34\LD34.csproj", "{E326752B-7FAF-40E4-AAB1-A3C9B4BBD8CB}"
EndProject
Project("{2150E333-8FDC-42A3-9474-1A3956D46DE8}") = "Solution Items", "Solution Items", "{4CA6983E-5668-44BD-9E54-5CA47F0104ED}"
	ProjectSection(SolutionItems) = preProject
		..\..\..\..\Downloads\SFML.Net-2.2-32-bit\SFML.Net-2.2\extlibs\csfml-audio-2.dll = ..\..\..\..\Downloads\SFML.Net-2.2-32-bit\SFML.Net-2.2\extlibs\csfml-audio-2.dll
		..\..\..\..\Downloads\SFML.Net-2.2-32-bit\SFML.Net-2.2\extlibs\csfml-graphics-2.dll = ..\..\..\..\Downloads\SFML.Net-2.2-32-bit\SFML.Net-2.2\extlibs\csfml-graphics-2.dll
		..\..\..\..\Downloads\SFML.Net-2.2-32-bit\SFML.Net-2.2\extlibs\csfml-network-2.dll = ..\..\..\..\Downloads\SFML.Net-2.2-32-bit\SFML.Net-2.2\extlibs\csfml-network-2.dll
		..\..\..\..\Downloads\SFML.Net-2.2-32-bit\SFML.Net-2.2\extlibs\csfml-system-2.dll = ..\..\..\..\Downloads\SFML.Net-2.2-32-bit\SFML.Net-2.2\extlibs\csfml-system-2.dll
		..\..\..\..\Downloads\SFML.Net-2.2-32-bit\SFML.Net-2.2\extlibs\csfml-window-2.dll = ..\..\..\..\Downloads\SFML.Net-2.2-32-bit\SFML.Net-2.2\extlibs\csfml-window-2.dll
		..\..\..\..\Downloads\SFML.Net-2.2-32-bit\SFML.Net-2.2\extlibs\libsndfile-1.dll = ..\..\..\..\Downloads\SFML.Net-2.2-32-bit\SFML.Net-2.2\extlibs\libsndfile-1.dll
		..\..\..\..\Downloads\SFML.Net-2.2-32-bit\SFML.Net-2.2\extlibs\openal32.dll = ..\..\..\..\Downloads\SFML.Net-2.2-32-bit\SFML.Net-2.2\extlibs\openal32.dll
		..\..\..\..\Downloads\SFML.Net-2.2-32-bit\SFML.Net-2.2\extlibs\OpenTK.Compatibility.dll = ..\..\..\..\Downloads\SFML.Net-2.2-32-bit\SFML.Net-2.2\extlibs\OpenTK.Compatibility.dll
		..\..\..\..\Downloads\SFML.Net-2.2-32-bit\SFML.Net-2.2\extlibs\OpenTK.dll = ..\..\..\..\Downloads\SFML.Net-2.2-32-bit\SFML.Net-2.2\extlibs\OpenTK.dll
	EndProjectSection
EndProject
Project("{FAE04EC0-301F-11D3-BF4B-00C04F79EFBC}") = "GameCore", "GameCore\GameCore.csproj", "{899AA3FD-F341-4D04-A59C-C1BC9A711A6A}"
EndProject
Global
	GlobalSection(SolutionConfigurationPlatforms) = preSolution
		Debug|Any CPU = Debug|Any CPU
		Debug|x64 = Debug|x64
		Debug|x86 = Debug|x86
		Release|Any CPU = Release|Any CPU
		Release|x64 = Release|x64
		Release|x86 = Release|x86
	EndGlobalSection
	GlobalSection(ProjectConfigurationPlatforms) = postSolution
		{E326752B-7FAF-40E4-AAB1-A3C9B4BBD8CB}.Debug|Any CPU.ActiveCfg = Debug|x64
		{E326752B-7FAF-40E4-AAB1-A3C9B4BBD8CB}.Debug|Any CPU.Build.0 = Debug|x64
		{E326752B-7FAF-40E4-AAB1-A3C9B4BBD8CB}.Debug|x64.ActiveCfg = Debug|x64
		{E326752B-7FAF-40E4-AAB1-A3C9B4BBD8CB}.Debug|x64.Build.0 = Debug|x64
		{E326752B-7FAF-40E4-AAB1-A3C9B4BBD8CB}.Debug|x86.ActiveCfg = Debug|x86
		{E326752B-7FAF-40E4-AAB1-A3C9B4BBD8CB}.Debug|x86.Build.0 = Debug|x86
		{E326752B-7FAF-40E4-AAB1-A3C9B4BBD8CB}.Release|Any CPU.ActiveCfg = Release|Any CPU
		{E326752B-7FAF-40E4-AAB1-A3C9B4BBD8CB}.Release|Any CPU.Build.0 = Release|Any CPU
		{E326752B-7FAF-40E4-AAB1-A3C9B4BBD8CB}.Release|x64.ActiveCfg = Release|Any CPU
		{E326752B-7FAF-40E4-AAB1-A3C9B4BBD8CB}.Release|x64.Build.0 = Release|Any CPU
		{E326752B-7FAF-40E4-AAB1-A3C9B4BBD8CB}.Release|x86.ActiveCfg = Release|Any CPU
		{E326752B-7FAF-40E4-AAB1-A3C9B4BBD8CB}.Release|x86.Build.0 = Release|Any CPU
		{899AA3FD-F341-4D04-A59C-C1BC9A711A6A}.Debug|Any CPU.ActiveCfg = Debug|x64
		{899AA3FD-F341-4D04-A59C-C1BC9A711A6A}.Debug|Any CPU.Build.0 = Debug|x64
		{899AA3FD-F341-4D04-A59C-C1BC9A711A6A}.Debug|x64.ActiveCfg = Debug|x64
		{899AA3FD-F341-4D04-A59C-C1BC9A711A6A}.Debug|x64.Build.0 = Debug|x64
		{899AA3FD-F341-4D04-A59C-C1BC9A711A6A}.Debug|x86.ActiveCfg = Debug|x86
		{899AA3FD-F341-4D04-A59C-C1BC9A711A6A}.Debug|x86.Build.0 = Debug|x86
		{899AA3FD-F341-4D04-A59C-C1BC9A711A6A}.Release|Any CPU.ActiveCfg = Release|Any CPU
		{899AA3FD-F341-4D04-A59C-C1BC9A711A6A}.Release|Any CPU.Build.0 = Release|Any CPU
		{899AA3FD-F341-4D04-A59C-C1BC9A711A6A}.Release|x64.ActiveCfg = Release|Any CPU
		{899AA3FD-F341-4D04-A59C-C1BC9A711A6A}.Release|x64.Build.0 = Release|Any CPU
		{899AA3FD-F341-4D04-A59C-C1BC9A711A6A}.Release|x86.ActiveCfg = Release|Any CPU
		{899AA3FD-F341-4D04-A59C-C1BC9A711A6A}.Release|x86.Build.0 = Release|Any CPU
	EndGlobalSection
	GlobalSection(SolutionProperties) = preSolution
		HideSolutionNode = FALSE
	EndGlobalSection
EndGlobal
